
Microsoft Visual Studio Solution File, Format Version 12.00
# Visual Studio Version 17
VisualStudioVersion = 17.8.34330.188
MinimumVisualStudioVersion = 10.0.40219.1
Project("{FAE04EC0-301F-11D3-BF4B-00C04F79EFBC}") = "TestApiForPostgreAndGraphQL", "TestApiForPostgreAndGraphQL.csproj", "{D5EC3A66-911B-412C-9889-4F71BBFAA05A}"
EndProject
Global
	GlobalSection(SolutionConfigurationPlatforms) = preSolution
		Debug|Any CPU = Debug|Any CPU
		Release|Any CPU = Release|Any CPU
	EndGlobalSection
	GlobalSection(ProjectConfigurationPlatforms) = postSolution
		{D5EC3A66-911B-412C-9889-4F71BBFAA05A}.Debug|Any CPU.ActiveCfg = Debug|Any CPU
		{D5EC3A66-911B-412C-9889-4F71BBFAA05A}.Debug|Any CPU.Build.0 = Debug|Any CPU
		{D5EC3A66-911B-412C-9889-4F71BBFAA05A}.Release|Any CPU.ActiveCfg = Release|Any CPU
		{D5EC3A66-911B-412C-9889-4F71BBFAA05A}.Release|Any CPU.Build.0 = Release|Any CPU
	EndGlobalSection
	GlobalSection(SolutionProperties) = preSolution
		HideSolutionNode = FALSE
	EndGlobalSection
	GlobalSection(ExtensibilityGlobals) = postSolution
		SolutionGuid = {C5250521-794C-48DC-B5CF-766B935684A7}
	EndGlobalSection
EndGlobal
